
Microsoft Visual Studio Solution File, Format Version 12.00
# Visual Studio Version 17
VisualStudioVersion = 17.0.32112.339
MinimumVisualStudioVersion = 10.0.40219.1
Project("{FAE04EC0-301F-11D3-BF4B-00C04F79EFBC}") = "TicTacToe using Buttons", "TicTacToe using Buttons.csproj", "{EF2243BD-3F8F-4152-821D-E74F272F7EA4}"
EndProject
Global
	GlobalSection(SolutionConfigurationPlatforms) = preSolution
		Debug|Any CPU = Debug|Any CPU
		Release|Any CPU = Release|Any CPU
	EndGlobalSection
	GlobalSection(ProjectConfigurationPlatforms) = postSolution
		{EF2243BD-3F8F-4152-821D-E74F272F7EA4}.Debug|Any CPU.ActiveCfg = Debug|Any CPU
		{EF2243BD-3F8F-4152-821D-E74F272F7EA4}.Debug|Any CPU.Build.0 = Debug|Any CPU
		{EF2243BD-3F8F-4152-821D-E74F272F7EA4}.Release|Any CPU.ActiveCfg = Release|Any CPU
		{EF2243BD-3F8F-4152-821D-E74F272F7EA4}.Release|Any CPU.Build.0 = Release|Any CPU
	EndGlobalSection
	GlobalSection(SolutionProperties) = preSolution
		HideSolutionNode = FALSE
	EndGlobalSection
	GlobalSection(ExtensibilityGlobals) = postSolution
		SolutionGuid = {DC8AF465-5834-43E1-9D3D-F6083CAACE00}
	EndGlobalSection
EndGlobal
